
Microsoft Visual Studio Solution File, Format Version 12.00
# Visual Studio Version 17
VisualStudioVersion = 17.3.32929.385
MinimumVisualStudioVersion = 10.0.40219.1
Project("{FAE04EC0-301F-11D3-BF4B-00C04F79EFBC}") = "APIProject", "APIProject\APIProject.csproj", "{83AECE0D-C405-4F89-8C81-BF81E127B7BB}"
EndProject
Global
	GlobalSection(SolutionConfigurationPlatforms) = preSolution
		Debug|Any CPU = Debug|Any CPU
		Release|Any CPU = Release|Any CPU
	EndGlobalSection
	GlobalSection(ProjectConfigurationPlatforms) = postSolution
		{83AECE0D-C405-4F89-8C81-BF81E127B7BB}.Debug|Any CPU.ActiveCfg = Debug|Any CPU
		{83AECE0D-C405-4F89-8C81-BF81E127B7BB}.Debug|Any CPU.Build.0 = Debug|Any CPU
		{83AECE0D-C405-4F89-8C81-BF81E127B7BB}.Release|Any CPU.ActiveCfg = Release|Any CPU
		{83AECE0D-C405-4F89-8C81-BF81E127B7BB}.Release|Any CPU.Build.0 = Release|Any CPU
	EndGlobalSection
	GlobalSection(SolutionProperties) = preSolution
		HideSolutionNode = FALSE
	EndGlobalSection
	GlobalSection(ExtensibilityGlobals) = postSolution
		SolutionGuid = {3E87F303-02A8-479D-BE0C-8E8FD8240538}
	EndGlobalSection
EndGlobal
